<?xml version="1.0" encoding="utf-8"?>
<Project ToolsVersion="4.0" xmlns="http://schemas.microsoft.com/developer/msbuild/2003">
  <ItemGroup>
    <Filter Include="Source Files">
      <UniqueIdentifier>{4FC737F1-C7A5-4376-A066-2A32D752A2FF}</UniqueIdentifier>
      <Extensions>cpp;c;cc;cxx;def;odl;idl;hpj;bat;asm;asmx</Extensions>
    </Filter>
    <Filter Include="Header Files">
      <UniqueIdentifier>{93995380-89BD-4b04-88EB-625FBE52EBFB}</UniqueIdentifier>
      <Extensions>h;hpp;hxx;hm;inl;inc;xsd</Extensions>
    </Filter>
    <Filter Include="Resource Files">
      <UniqueIdentifier>{67DA6AB6-F800-4c08-8B7A-83BB121AAD01}</UniqueIdentifier>
      <Extensions>rc;ico;cur;bmp;dlg;rc2;rct;bin;rgs;gif;jpg;jpeg;jpe;resx;tiff;tif;png;wav;mfcribbon-ms</Extensions>
    </Filter>
  </ItemGroup>
  <ItemGroup>
    <ClInclude Include="Game.h">
      <Filter>Header Files</Filter>
    </ClInclude>
    <ClInclude Include="Game_PCH.h">
      <Filter>Header Files</Filter>
    </ClInclude>
    <ClInclude Include="GameDefs.h">
      <Filter>Header Files</Filter>
    </ClInclude>
    <ClInclude Include="libs\pugixml\foreach.hpp">
      <Filter>Header Files</Filter>
    </ClInclude>
    <ClInclude Include="libs\pugixml\pugiconfig.hpp">
      <Filter>Header Files</Filter>
    </ClInclude>
    <ClInclude Include="libs\pugixml\pugixml.hpp">
      <Filter>Header Files</Filter>
    </ClInclude>
    <ClInclude Include="Core\Crc32.h">
      <Filter>Header Files</Filter>
    </ClInclude>
    <ClInclude Include="Core\StringID.h">
      <Filter>Header Files</Filter>
    </ClInclude>
    <ClInclude Include="Core\Incopiable.h">
      <Filter>Header Files</Filter>
    </ClInclude>
    <ClInclude Include="Core\Singleton.h">
      <Filter>Header Files</Filter>
    </ClInclude>
    <ClInclude Include="Core\Algorithm.h">
      <Filter>Header Files</Filter>
    </ClInclude>
    <ClInclude Include="Core\BasicTypes.h">
      <Filter>Header Files</Filter>
    </ClInclude>
    <ClInclude Include="Core\DynamicObject.h">
      <Filter>Header Files</Filter>
    </ClInclude>
    <ClInclude Include="DB\DBObject.h">
      <Filter>Header Files</Filter>
    </ClInclude>
    <ClInclude Include="DB\DBManager.h">
      <Filter>Header Files</Filter>
    </ClInclude>
    <ClInclude Include="DB\DBObjectDescriptor.h">
      <Filter>Header Files</Filter>
    </ClInclude>
    <ClInclude Include="Serialization\Member.h">
      <Filter>Header Files</Filter>
    </ClInclude>
    <ClInclude Include="Serialization\MemberHandler.h">
      <Filter>Header Files</Filter>
    </ClInclude>
    <ClInclude Include="Core\TypeToString.h">
      <Filter>Header Files</Filter>
    </ClInclude>
    <ClInclude Include="Core\StringToType.h">
      <Filter>Header Files</Filter>
    </ClInclude>
    <ClInclude Include="Core\Callback.h">
      <Filter>Header Files</Filter>
    </ClInclude>
    <ClInclude Include="Core\Traits.h">
      <Filter>Header Files</Filter>
    </ClInclude>
    <ClInclude Include="entity\EntityLibrary.h">
      <Filter>Header Files</Filter>
    </ClInclude>
    <ClInclude Include="entity\EntityComponent.h">
      <Filter>Header Files</Filter>
    </ClInclude>
    <ClInclude Include="entity\Entity.h">
      <Filter>Header Files</Filter>
    </ClInclude>
    <ClInclude Include="entity\EntityRegistry.h">
      <Filter>Header Files</Filter>
    </ClInclude>
    <ClInclude Include="Gameplay\LevelDBObject.h">
      <Filter>Header Files</Filter>
    </ClInclude>
    <ClInclude Include="Utils\FileHelpers.h">
      <Filter>Header Files</Filter>
    </ClInclude>
    <ClInclude Include="Gameplay\Level.h">
      <Filter>Header Files</Filter>
    </ClInclude>
    <ClInclude Include="Utils\Random.h">
      <Filter>Header Files</Filter>
    </ClInclude>
    <ClInclude Include="Gameplay\ResourceContainer.h">
      <Filter>Header Files</Filter>
    </ClInclude>
    <ClInclude Include="Core\Path.h">
      <Filter>Header Files</Filter>
    </ClInclude>
    <ClInclude Include="States\IState.h">
      <Filter>Header Files</Filter>
    </ClInclude>
    <ClInclude Include="Core\ServiceManager.h">
      <Filter>Header Files</Filter>
    </ClInclude>
    <ClInclude Include="Core\GameTimer.h">
      <Filter>Header Files</Filter>
    </ClInclude>
    <ClInclude Include="Core\LifeTimer.h">
      <Filter>Header Files</Filter>
    </ClInclude>
    <ClInclude Include="Core\Math.h">
      <Filter>Header Files</Filter>
    </ClInclude>
    <ClInclude Include="libs\cml\cml.h">
      <Filter>Header Files</Filter>
    </ClInclude>
    <ClInclude Include="libs\cml\common\array_size_of.h">
      <Filter>Header Files</Filter>
    </ClInclude>
    <ClInclude Include="libs\cml\common\basis_tags.h">
      <Filter>Header Files</Filter>
    </ClInclude>
    <ClInclude Include="libs\cml\common\compiler.h">
      <Filter>Header Files</Filter>
    </ClInclude>
    <ClInclude Include="libs\cml\common\exception.h">
      <Filter>Header Files</Filter>
    </ClInclude>
    <ClInclude Include="libs\cml\common\layout_tags.h">
      <Filter>Header Files</Filter>
    </ClInclude>
    <ClInclude Include="libs\cml\common\memory_tags.h">
      <Filter>Header Files</Filter>
    </ClInclude>
    <ClInclude Include="libs\cml\common\mpl\are_convertible.h">
      <Filter>Header Files</Filter>
    </ClInclude>
    <ClInclude Include="libs\cml\common\mpl\are_same.h">
      <Filter>Header Files</Filter>
    </ClInclude>
    <ClInclude Include="libs\cml\common\mpl\enable_if_arithmetic.h">
      <Filter>Header Files</Filter>
    </ClInclude>
    <ClInclude Include="libs\cml\common\mpl\enable_if_array.h">
      <Filter>Header Files</Filter>
    </ClInclude>
    <ClInclude Include="libs\cml\common\mpl\enable_if_convertible.h">
      <Filter>Header Files</Filter>
    </ClInclude>
    <ClInclude Include="libs\cml\common\mpl\enable_if_pointer.h">
      <Filter>Header Files</Filter>
    </ClInclude>
    <ClInclude Include="libs\cml\common\mpl\enable_if_reshapeable.h">
      <Filter>Header Files</Filter>
    </ClInclude>
    <ClInclude Include="libs\cml\common\mpl\enable_if_same.h">
      <Filter>Header Files</Filter>
    </ClInclude>
    <ClInclude Include="libs\cml\common\mpl\enable_if_t.h">
      <Filter>Header Files</Filter>
    </ClInclude>
    <ClInclude Include="libs\cml\common\mpl\if_t.h">
      <Filter>Header Files</Filter>
    </ClInclude>
    <ClInclude Include="libs\cml\common\mpl\int_c.h">
      <Filter>Header Files</Filter>
    </ClInclude>
    <ClInclude Include="libs\cml\common\mpl\is_reshapeable.h">
      <Filter>Header Files</Filter>
    </ClInclude>
    <ClInclude Include="libs\cml\common\mpl\is_same_pair.h">
      <Filter>Header Files</Filter>
    </ClInclude>
    <ClInclude Include="libs\cml\common\mpl\is_statically_polymorphic.h">
      <Filter>Header Files</Filter>
    </ClInclude>
    <ClInclude Include="libs\cml\common\mpl\item_at.h">
      <Filter>Header Files</Filter>
    </ClInclude>
    <ClInclude Include="libs\cml\common\mpl\plus_c.h">
      <Filter>Header Files</Filter>
    </ClInclude>
    <ClInclude Include="libs\cml\common\mpl\rebind.h">
      <Filter>Header Files</Filter>
    </ClInclude>
    <ClInclude Include="libs\cml\common\mpl\type_table.h">
      <Filter>Header Files</Filter>
    </ClInclude>
    <ClInclude Include="libs\cml\common\promotion.h">
      <Filter>Header Files</Filter>
    </ClInclude>
    <ClInclude Include="libs\cml\common\size_tags.h">
      <Filter>Header Files</Filter>
    </ClInclude>
    <ClInclude Include="libs\cml\common\storage_tags.h">
      <Filter>Header Files</Filter>
    </ClInclude>
    <ClInclude Include="libs\cml\common\temporary.h">
      <Filter>Header Files</Filter>
    </ClInclude>
    <ClInclude Include="libs\cml\common\traits.h">
      <Filter>Header Files</Filter>
    </ClInclude>
    <ClInclude Include="libs\cml\common\type_util.h">
      <Filter>Header Files</Filter>
    </ClInclude>
    <ClInclude Include="libs\cml\mathlib\axis_order.h">
      <Filter>Header Files</Filter>
    </ClInclude>
    <ClInclude Include="libs\cml\mathlib\constants.h">
      <Filter>Header Files</Filter>
    </ClInclude>
    <ClInclude Include="libs\cml\mathlib\coordinate_conversion.h">
      <Filter>Header Files</Filter>
    </ClInclude>
    <ClInclude Include="libs\cml\mathlib\euler_order.h">
      <Filter>Header Files</Filter>
    </ClInclude>
    <ClInclude Include="libs\cml\mathlib\frustum.h">
      <Filter>Header Files</Filter>
    </ClInclude>
    <ClInclude Include="libs\cml\mathlib\mathlib.h">
      <Filter>Header Files</Filter>
    </ClInclude>
    <ClInclude Include="libs\cml\mathlib\matrix\basis.h">
      <Filter>Header Files</Filter>
    </ClInclude>
    <ClInclude Include="libs\cml\mathlib\matrix\concat.h">
      <Filter>Header Files</Filter>
    </ClInclude>
    <ClInclude Include="libs\cml\mathlib\matrix\generators.h">
      <Filter>Header Files</Filter>
    </ClInclude>
    <ClInclude Include="libs\cml\mathlib\matrix\invert.h">
      <Filter>Header Files</Filter>
    </ClInclude>
    <ClInclude Include="libs\cml\mathlib\matrix\misc.h">
      <Filter>Header Files</Filter>
    </ClInclude>
    <ClInclude Include="libs\cml\mathlib\matrix\projection.h">
      <Filter>Header Files</Filter>
    </ClInclude>
    <ClInclude Include="libs\cml\mathlib\matrix\rotation.h">
      <Filter>Header Files</Filter>
    </ClInclude>
    <ClInclude Include="libs\cml\mathlib\matrix\scale.h">
      <Filter>Header Files</Filter>
    </ClInclude>
    <ClInclude Include="libs\cml\mathlib\matrix\size_checking.h">
      <Filter>Header Files</Filter>
    </ClInclude>
    <ClInclude Include="libs\cml\mathlib\matrix\temporary.h">
      <Filter>Header Files</Filter>
    </ClInclude>
    <ClInclude Include="libs\cml\mathlib\matrix\transform.h">
      <Filter>Header Files</Filter>
    </ClInclude>
    <ClInclude Include="libs\cml\mathlib\matrix\translation.h">
      <Filter>Header Files</Filter>
    </ClInclude>
    <ClInclude Include="libs\cml\mathlib\quaternion\basis.h">
      <Filter>Header Files</Filter>
    </ClInclude>
    <ClInclude Include="libs\cml\mathlib\quaternion\rotation.h">
      <Filter>Header Files</Filter>
    </ClInclude>
    <ClInclude Include="libs\cml\mathlib\random_unit.h">
      <Filter>Header Files</Filter>
    </ClInclude>
    <ClInclude Include="libs\cml\mathlib\vector\angle.h">
      <Filter>Header Files</Filter>
    </ClInclude>
    <ClInclude Include="libs\cml\mathlib\vector\generators.h">
      <Filter>Header Files</Filter>
    </ClInclude>
    <ClInclude Include="libs\cml\mathlib\vector\misc.h">
      <Filter>Header Files</Filter>
    </ClInclude>
    <ClInclude Include="libs\cml\mathlib\vector\orthonormal.h">
      <Filter>Header Files</Filter>
    </ClInclude>
    <ClInclude Include="libs\cml\mathlib\vector\products.h">
      <Filter>Header Files</Filter>
    </ClInclude>
    <ClInclude Include="libs\cml\mathlib\vector\rotation.h">
      <Filter>Header Files</Filter>
    </ClInclude>
    <ClInclude Include="libs\cml\mathlib\vector\transform.h">
      <Filter>Header Files</Filter>
    </ClInclude>
    <ClInclude Include="libs\cml\matrix\array_size_of.h">
      <Filter>Header Files</Filter>
    </ClInclude>
    <ClInclude Include="libs\cml\matrix\basis.h">
      <Filter>Header Files</Filter>
    </ClInclude>
    <ClInclude Include="libs\cml\matrix\basis_node.h">
      <Filter>Header Files</Filter>
    </ClInclude>
    <ClInclude Include="libs\cml\matrix\basis_ops.h">
      <Filter>Header Files</Filter>
    </ClInclude>
    <ClInclude Include="libs\cml\matrix\binary_node.h">
      <Filter>Header Files</Filter>
    </ClInclude>
    <ClInclude Include="libs\cml\matrix\binary_ops.h">
      <Filter>Header Files</Filter>
    </ClInclude>
    <ClInclude Include="libs\cml\matrix\col_node.h">
      <Filter>Header Files</Filter>
    </ClInclude>
    <ClInclude Include="libs\cml\matrix\col_ops.h">
      <Filter>Header Files</Filter>
    </ClInclude>
    <ClInclude Include="libs\cml\matrix\detail\apply.h">
      <Filter>Header Files</Filter>
    </ClInclude>
    <ClInclude Include="libs\cml\matrix\detail\check_or_resize.h">
      <Filter>Header Files</Filter>
    </ClInclude>
    <ClInclude Include="libs\cml\matrix\detail\copy.h">
      <Filter>Header Files</Filter>
    </ClInclude>
    <ClInclude Include="libs\cml\matrix\detail\determinant.h">
      <Filter>Header Files</Filter>
    </ClInclude>
    <ClInclude Include="libs\cml\matrix\detail\generate.h">
      <Filter>Header Files</Filter>
    </ClInclude>
    <ClInclude Include="libs\cml\matrix\detail\get.h">
      <Filter>Header Files</Filter>
    </ClInclude>
    <ClInclude Include="libs\cml\matrix\detail\inverse.h">
      <Filter>Header Files</Filter>
    </ClInclude>
    <ClInclude Include="libs\cml\matrix\detail\lu.h">
      <Filter>Header Files</Filter>
    </ClInclude>
    <ClInclude Include="libs\cml\matrix\detail\resize.h">
      <Filter>Header Files</Filter>
    </ClInclude>
    <ClInclude Include="libs\cml\matrix\detail\transpose.h">
      <Filter>Header Files</Filter>
    </ClInclude>
    <ClInclude Include="libs\cml\matrix\determinant.h">
      <Filter>Header Files</Filter>
    </ClInclude>
    <ClInclude Include="libs\cml\matrix\dynamic.h">
      <Filter>Header Files</Filter>
    </ClInclude>
    <ClInclude Include="libs\cml\matrix\dynamic_allocated.h">
      <Filter>Header Files</Filter>
    </ClInclude>
    <ClInclude Include="libs\cml\matrix\dynamic_external.h">
      <Filter>Header Files</Filter>
    </ClInclude>
    <ClInclude Include="libs\cml\matrix\external.h">
      <Filter>Header Files</Filter>
    </ClInclude>
    <ClInclude Include="libs\cml\matrix\fixed.h">
      <Filter>Header Files</Filter>
    </ClInclude>
    <ClInclude Include="libs\cml\matrix\fixed_compiled.h">
      <Filter>Header Files</Filter>
    </ClInclude>
    <ClInclude Include="libs\cml\matrix\fixed_external.h">
      <Filter>Header Files</Filter>
    </ClInclude>
    <ClInclude Include="libs\cml\matrix\functions.h">
      <Filter>Header Files</Filter>
    </ClInclude>
    <ClInclude Include="libs\cml\matrix\fwd.h">
      <Filter>Header Files</Filter>
    </ClInclude>
    <ClInclude Include="libs\cml\matrix\hadamard_product.h">
      <Filter>Header Files</Filter>
    </ClInclude>
    <ClInclude Include="libs\cml\matrix\inverse.h">
      <Filter>Header Files</Filter>
    </ClInclude>
    <ClInclude Include="libs\cml\matrix\lu.h">
      <Filter>Header Files</Filter>
    </ClInclude>
    <ClInclude Include="libs\cml\matrix\matrix.h">
      <Filter>Header Files</Filter>
    </ClInclude>
    <ClInclude Include="libs\cml\matrix\matrix_product.h">
      <Filter>Header Files</Filter>
    </ClInclude>
    <ClInclude Include="libs\cml\matrix\ops.h">
      <Filter>Header Files</Filter>
    </ClInclude>
    <ClInclude Include="libs\cml\matrix\promotion.h">
      <Filter>Header Files</Filter>
    </ClInclude>
    <ClInclude Include="libs\cml\matrix\readable_matrix.h">
      <Filter>Header Files</Filter>
    </ClInclude>
    <ClInclude Include="libs\cml\matrix\row_col.h">
      <Filter>Header Files</Filter>
    </ClInclude>
    <ClInclude Include="libs\cml\matrix\row_node.h">
      <Filter>Header Files</Filter>
    </ClInclude>
    <ClInclude Include="libs\cml\matrix\row_ops.h">
      <Filter>Header Files</Filter>
    </ClInclude>
    <ClInclude Include="libs\cml\matrix\scalar_node.h">
      <Filter>Header Files</Filter>
    </ClInclude>
    <ClInclude Include="libs\cml\matrix\scalar_ops.h">
      <Filter>Header Files</Filter>
    </ClInclude>
    <ClInclude Include="libs\cml\matrix\size_checking.h">
      <Filter>Header Files</Filter>
    </ClInclude>
    <ClInclude Include="libs\cml\matrix\temporary.h">
      <Filter>Header Files</Filter>
    </ClInclude>
    <ClInclude Include="libs\cml\matrix\trace.h">
      <Filter>Header Files</Filter>
    </ClInclude>
    <ClInclude Include="libs\cml\matrix\traits.h">
      <Filter>Header Files</Filter>
    </ClInclude>
    <ClInclude Include="libs\cml\matrix\transpose.h">
      <Filter>Header Files</Filter>
    </ClInclude>
    <ClInclude Include="libs\cml\matrix\transpose_node.h">
      <Filter>Header Files</Filter>
    </ClInclude>
    <ClInclude Include="libs\cml\matrix\transpose_ops.h">
      <Filter>Header Files</Filter>
    </ClInclude>
    <ClInclude Include="libs\cml\matrix\types.h">
      <Filter>Header Files</Filter>
    </ClInclude>
    <ClInclude Include="libs\cml\matrix\type_util.h">
      <Filter>Header Files</Filter>
    </ClInclude>
    <ClInclude Include="libs\cml\matrix\unary_node.h">
      <Filter>Header Files</Filter>
    </ClInclude>
    <ClInclude Include="libs\cml\matrix\unary_ops.h">
      <Filter>Header Files</Filter>
    </ClInclude>
    <ClInclude Include="libs\cml\matrix\vector_product.h">
      <Filter>Header Files</Filter>
    </ClInclude>
    <ClInclude Include="libs\cml\matrix\writable_matrix.h">
      <Filter>Header Files</Filter>
    </ClInclude>
    <ClInclude Include="libs\cml\matrix.h">
      <Filter>Header Files</Filter>
    </ClInclude>
    <ClInclude Include="libs\cml\quaternion\binary_node.h">
      <Filter>Header Files</Filter>
    </ClInclude>
    <ClInclude Include="libs\cml\quaternion\binary_ops.h">
      <Filter>Header Files</Filter>
    </ClInclude>
    <ClInclude Include="libs\cml\quaternion\comparison.h">
      <Filter>Header Files</Filter>
    </ClInclude>
    <ClInclude Include="libs\cml\quaternion\conjugate.h">
      <Filter>Header Files</Filter>
    </ClInclude>
    <ClInclude Include="libs\cml\quaternion\conjugate_node.h">
      <Filter>Header Files</Filter>
    </ClInclude>
    <ClInclude Include="libs\cml\quaternion\conjugate_ops.h">
      <Filter>Header Files</Filter>
    </ClInclude>
    <ClInclude Include="libs\cml\quaternion\cross_tags.h">
      <Filter>Header Files</Filter>
    </ClInclude>
    <ClInclude Include="libs\cml\quaternion\dot.h">
      <Filter>Header Files</Filter>
    </ClInclude>
    <ClInclude Include="libs\cml\quaternion\fixed.h">
      <Filter>Header Files</Filter>
    </ClInclude>
    <ClInclude Include="libs\cml\quaternion\fixed_compiled.h">
      <Filter>Header Files</Filter>
    </ClInclude>
    <ClInclude Include="libs\cml\quaternion\functions.h">
      <Filter>Header Files</Filter>
    </ClInclude>
    <ClInclude Include="libs\cml\quaternion\fwd.h">
      <Filter>Header Files</Filter>
    </ClInclude>
    <ClInclude Include="libs\cml\quaternion\imaginary.h">
      <Filter>Header Files</Filter>
    </ClInclude>
    <ClInclude Include="libs\cml\quaternion\imaginary_node.h">
      <Filter>Header Files</Filter>
    </ClInclude>
    <ClInclude Include="libs\cml\quaternion\imaginary_ops.h">
      <Filter>Header Files</Filter>
    </ClInclude>
    <ClInclude Include="libs\cml\quaternion\inverse.h">
      <Filter>Header Files</Filter>
    </ClInclude>
    <ClInclude Include="libs\cml\quaternion\inverse_node.h">
      <Filter>Header Files</Filter>
    </ClInclude>
    <ClInclude Include="libs\cml\quaternion\inverse_ops.h">
      <Filter>Header Files</Filter>
    </ClInclude>
    <ClInclude Include="libs\cml\quaternion\ops.h">
      <Filter>Header Files</Filter>
    </ClInclude>
    <ClInclude Include="libs\cml\quaternion\order_tags.h">
      <Filter>Header Files</Filter>
    </ClInclude>
    <ClInclude Include="libs\cml\quaternion\product.h">
      <Filter>Header Files</Filter>
    </ClInclude>
    <ClInclude Include="libs\cml\quaternion\promotion.h">
      <Filter>Header Files</Filter>
    </ClInclude>
    <ClInclude Include="libs\cml\quaternion\quaternion.h">
      <Filter>Header Files</Filter>
    </ClInclude>
    <ClInclude Include="libs\cml\quaternion\readable_quaternion.h">
      <Filter>Header Files</Filter>
    </ClInclude>
    <ClInclude Include="libs\cml\quaternion\scalar_node.h">
      <Filter>Header Files</Filter>
    </ClInclude>
    <ClInclude Include="libs\cml\quaternion\scalar_ops.h">
      <Filter>Header Files</Filter>
    </ClInclude>
    <ClInclude Include="libs\cml\quaternion\size_checking.h">
      <Filter>Header Files</Filter>
    </ClInclude>
    <ClInclude Include="libs\cml\quaternion\temporary.h">
      <Filter>Header Files</Filter>
    </ClInclude>
    <ClInclude Include="libs\cml\quaternion\traits.h">
      <Filter>Header Files</Filter>
    </ClInclude>
    <ClInclude Include="libs\cml\quaternion\types.h">
      <Filter>Header Files</Filter>
    </ClInclude>
    <ClInclude Include="libs\cml\quaternion\type_util.h">
      <Filter>Header Files</Filter>
    </ClInclude>
    <ClInclude Include="libs\cml\quaternion\unary_node.h">
      <Filter>Header Files</Filter>
    </ClInclude>
    <ClInclude Include="libs\cml\quaternion\unary_ops.h">
      <Filter>Header Files</Filter>
    </ClInclude>
    <ClInclude Include="libs\cml\quaternion\writable_quaternion.h">
      <Filter>Header Files</Filter>
    </ClInclude>
    <ClInclude Include="libs\cml\quaternion.h">
      <Filter>Header Files</Filter>
    </ClInclude>
    <ClInclude Include="libs\cml\scalar\binary_ops.h">
      <Filter>Header Files</Filter>
    </ClInclude>
    <ClInclude Include="libs\cml\scalar\constants.h">
      <Filter>Header Files</Filter>
    </ClInclude>
    <ClInclude Include="libs\cml\scalar\functions.h">
      <Filter>Header Files</Filter>
    </ClInclude>
    <ClInclude Include="libs\cml\scalar\promotion.h">
      <Filter>Header Files</Filter>
    </ClInclude>
    <ClInclude Include="libs\cml\scalar\traits.h">
      <Filter>Header Files</Filter>
    </ClInclude>
    <ClInclude Include="libs\cml\scalar\unary_ops.h">
      <Filter>Header Files</Filter>
    </ClInclude>
    <ClInclude Include="libs\cml\storage\allocated_selector.h">
      <Filter>Header Files</Filter>
    </ClInclude>
    <ClInclude Include="libs\cml\storage\any_selector.h">
      <Filter>Header Files</Filter>
    </ClInclude>
    <ClInclude Include="libs\cml\storage\compiled_selector.h">
      <Filter>Header Files</Filter>
    </ClInclude>
    <ClInclude Include="libs\cml\storage\external_selector.h">
      <Filter>Header Files</Filter>
    </ClInclude>
    <ClInclude Include="libs\cml\storage\promotion.h">
      <Filter>Header Files</Filter>
    </ClInclude>
    <ClInclude Include="libs\cml\storage\resize.h">
      <Filter>Header Files</Filter>
    </ClInclude>
    <ClInclude Include="libs\cml\storage\selectors.h">
      <Filter>Header Files</Filter>
    </ClInclude>
    <ClInclude Include="libs\cml\storage\type_util.h">
      <Filter>Header Files</Filter>
    </ClInclude>
    <ClInclude Include="libs\cml\types.h">
      <Filter>Header Files</Filter>
    </ClInclude>
    <ClInclude Include="libs\cml\util\matrix_print.h">
      <Filter>Header Files</Filter>
    </ClInclude>
    <ClInclude Include="libs\cml\util\quaternion_print.h">
      <Filter>Header Files</Filter>
    </ClInclude>
    <ClInclude Include="libs\cml\util\vector_hash.h">
      <Filter>Header Files</Filter>
    </ClInclude>
    <ClInclude Include="libs\cml\util\vector_print.h">
      <Filter>Header Files</Filter>
    </ClInclude>
    <ClInclude Include="libs\cml\util.h">
      <Filter>Header Files</Filter>
    </ClInclude>
    <ClInclude Include="libs\cml\vector\binary_node.h">
      <Filter>Header Files</Filter>
    </ClInclude>
    <ClInclude Include="libs\cml\vector\binary_ops.h">
      <Filter>Header Files</Filter>
    </ClInclude>
    <ClInclude Include="libs\cml\vector\comparison.h">
      <Filter>Header Files</Filter>
    </ClInclude>
    <ClInclude Include="libs\cml\vector\cross.h">
      <Filter>Header Files</Filter>
    </ClInclude>
    <ClInclude Include="libs\cml\vector\cross_node.h">
      <Filter>Header Files</Filter>
    </ClInclude>
    <ClInclude Include="libs\cml\vector\cross_ops.h">
      <Filter>Header Files</Filter>
    </ClInclude>
    <ClInclude Include="libs\cml\vector\detail\check_or_resize.h">
      <Filter>Header Files</Filter>
    </ClInclude>
    <ClInclude Include="libs\cml\vector\detail\combined_size_of.h">
      <Filter>Header Files</Filter>
    </ClInclude>
    <ClInclude Include="libs\cml\vector\detail\resize.h">
      <Filter>Header Files</Filter>
    </ClInclude>
    <ClInclude Include="libs\cml\vector\dot.h">
      <Filter>Header Files</Filter>
    </ClInclude>
    <ClInclude Include="libs\cml\vector\dynamic.h">
      <Filter>Header Files</Filter>
    </ClInclude>
    <ClInclude Include="libs\cml\vector\dynamic_allocated.h">
      <Filter>Header Files</Filter>
    </ClInclude>
    <ClInclude Include="libs\cml\vector\dynamic_const_external.h">
      <Filter>Header Files</Filter>
    </ClInclude>
    <ClInclude Include="libs\cml\vector\dynamic_external.h">
      <Filter>Header Files</Filter>
    </ClInclude>
    <ClInclude Include="libs\cml\vector\external.h">
      <Filter>Header Files</Filter>
    </ClInclude>
    <ClInclude Include="libs\cml\vector\fixed.h">
      <Filter>Header Files</Filter>
    </ClInclude>
    <ClInclude Include="libs\cml\vector\fixed_compiled.h">
      <Filter>Header Files</Filter>
    </ClInclude>
    <ClInclude Include="libs\cml\vector\fixed_const_external.h">
      <Filter>Header Files</Filter>
    </ClInclude>
    <ClInclude Include="libs\cml\vector\fixed_external.h">
      <Filter>Header Files</Filter>
    </ClInclude>
    <ClInclude Include="libs\cml\vector\functions.h">
      <Filter>Header Files</Filter>
    </ClInclude>
    <ClInclude Include="libs\cml\vector\fwd.h">
      <Filter>Header Files</Filter>
    </ClInclude>
    <ClInclude Include="libs\cml\vector\hadamard_product.h">
      <Filter>Header Files</Filter>
    </ClInclude>
    <ClInclude Include="libs\cml\vector\ops.h">
      <Filter>Header Files</Filter>
    </ClInclude>
    <ClInclude Include="libs\cml\vector\outer_product.h">
      <Filter>Header Files</Filter>
    </ClInclude>
    <ClInclude Include="libs\cml\vector\outer_product_node.h">
      <Filter>Header Files</Filter>
    </ClInclude>
    <ClInclude Include="libs\cml\vector\outer_product_ops.h">
      <Filter>Header Files</Filter>
    </ClInclude>
    <ClInclude Include="libs\cml\vector\perp_dot.h">
      <Filter>Header Files</Filter>
    </ClInclude>
    <ClInclude Include="libs\cml\vector\products.h">
      <Filter>Header Files</Filter>
    </ClInclude>
    <ClInclude Include="libs\cml\vector\promotion.h">
      <Filter>Header Files</Filter>
    </ClInclude>
    <ClInclude Include="libs\cml\vector\readable_vector.h">
      <Filter>Header Files</Filter>
    </ClInclude>
    <ClInclude Include="libs\cml\vector\scalar_node.h">
      <Filter>Header Files</Filter>
    </ClInclude>
    <ClInclude Include="libs\cml\vector\scalar_ops.h">
      <Filter>Header Files</Filter>
    </ClInclude>
    <ClInclude Include="libs\cml\vector\size_checking.h">
      <Filter>Header Files</Filter>
    </ClInclude>
    <ClInclude Include="libs\cml\vector\subvector.h">
      <Filter>Header Files</Filter>
    </ClInclude>
    <ClInclude Include="libs\cml\vector\subvector_node.h">
      <Filter>Header Files</Filter>
    </ClInclude>
    <ClInclude Include="libs\cml\vector\subvector_ops.h">
      <Filter>Header Files</Filter>
    </ClInclude>
    <ClInclude Include="libs\cml\vector\temporary.h">
      <Filter>Header Files</Filter>
    </ClInclude>
    <ClInclude Include="libs\cml\vector\traits.h">
      <Filter>Header Files</Filter>
    </ClInclude>
    <ClInclude Include="libs\cml\vector\triple_product.h">
      <Filter>Header Files</Filter>
    </ClInclude>
    <ClInclude Include="libs\cml\vector\types.h">
      <Filter>Header Files</Filter>
    </ClInclude>
    <ClInclude Include="libs\cml\vector\type_util.h">
      <Filter>Header Files</Filter>
    </ClInclude>
    <ClInclude Include="libs\cml\vector\unary_node.h">
      <Filter>Header Files</Filter>
    </ClInclude>
    <ClInclude Include="libs\cml\vector\unary_ops.h">
      <Filter>Header Files</Filter>
    </ClInclude>
    <ClInclude Include="libs\cml\vector\vector.h">
      <Filter>Header Files</Filter>
    </ClInclude>
    <ClInclude Include="libs\cml\vector\writable_vector.h">
      <Filter>Header Files</Filter>
    </ClInclude>
    <ClInclude Include="libs\cml\vector.h">
      <Filter>Header Files</Filter>
    </ClInclude>
    <ClInclude Include="libs\cml\version.h">
      <Filter>Header Files</Filter>
    </ClInclude>
    <ClInclude Include="States\IStateManager.h">
      <Filter>Header Files</Filter>
    </ClInclude>
  </ItemGroup>
  <ItemGroup>
    <ClCompile Include="Game.cpp">
      <Filter>Source Files</Filter>
    </ClCompile>
    <ClCompile Include="Game_PCH.cpp">
      <Filter>Source Files</Filter>
    </ClCompile>
    <ClCompile Include="libs\pugixml\pugixml.cpp">
      <Filter>Source Files</Filter>
    </ClCompile>
    <ClCompile Include="Core\StringID.cpp">
      <Filter>Source Files</Filter>
    </ClCompile>
    <ClCompile Include="DB\DBObject.cpp">
      <Filter>Source Files</Filter>
    </ClCompile>
    <ClCompile Include="DB\DBManager.cpp">
      <Filter>Source Files</Filter>
    </ClCompile>
    <ClCompile Include="DB\DBObjectDescriptor.cpp">
      <Filter>Source Files</Filter>
    </ClCompile>
    <ClCompile Include="entity\EntityLibrary.cpp">
      <Filter>Source Files</Filter>
    </ClCompile>
    <ClCompile Include="entity\Entity.cpp">
      <Filter>Source Files</Filter>
    </ClCompile>
    <ClCompile Include="entity\EntityComponent.cpp">
      <Filter>Source Files</Filter>
    </ClCompile>
    <ClCompile Include="Gameplay\LevelDBObject.cpp">
      <Filter>Source Files</Filter>
    </ClCompile>
    <ClCompile Include="Utils\FileHelpers.cpp">
      <Filter>Source Files</Filter>
    </ClCompile>
    <ClCompile Include="Gameplay\Level.cpp">
      <Filter>Source Files</Filter>
    </ClCompile>
    <ClCompile Include="Utils\Random.cpp">
      <Filter>Source Files</Filter>
    </ClCompile>
    <ClCompile Include="Core\ServiceManager.cpp">
      <Filter>Source Files</Filter>
    </ClCompile>
    <ClCompile Include="Core\GameTimer.cpp">
      <Filter>Source Files</Filter>
    </ClCompile>
    <ClCompile Include="entity\EntityRegistry.cpp">
      <Filter>Source Files</Filter>
    </ClCompile>
    <ClCompile Include="Core\Path.cpp">
      <Filter>Source Files</Filter>
    </ClCompile>
    <ClCompile Include="Gameplay\ResourceContainer.cpp">
      <Filter>Source Files</Filter>
    </ClCompile>
    <ClCompile Include="Core\Path.cpp">
      <Filter>Source Files</Filter>
    </ClCompile>
    <ClCompile Include="Serialization\Member.cpp">
      <Filter>Source Files</Filter>
    </ClCompile>
    <ClCompile Include="States\IStateManager.cpp">
      <Filter>Source Files</Filter>
    </ClCompile>
  </ItemGroup>
</Project>