
Microsoft Visual Studio Solution File, Format Version 11.00
# Visual Studio 2010
Project("{8BC9CEB8-8B4A-11D0-8D11-00A0C91BC942}") = "MDGame", "MDGame\MDGame.vcxproj", "{3FA400E2-D7D6-46E1-ACAC-2E9B7759DED3}"
EndProject
Project("{8BC9CEB8-8B4A-11D0-8D11-00A0C91BC942}") = "Game", "Game\Game.vcxproj", "{98102AAE-97BE-49A0-8DD2-87B16EB3181E}"
EndProject
Project("{8BC9CEB8-8B4A-11D0-8D11-00A0C91BC942}") = "Editor", "Editor\Editor.vcxproj", "{017C82F9-FA03-42F7-B20C-525599176D1E}"
EndProject
Project("{8BC9CEB8-8B4A-11D0-8D11-00A0C91BC942}") = "MainApp", "MainApp\MainApp.vcxproj", "{95EB6373-CFAA-4CA8-93E0-6C1BAD848F95}"
EndProject
Global
	GlobalSection(SolutionConfigurationPlatforms) = preSolution
		Debug|Win32 = Debug|Win32
		GCC ARM Debug|Win32 = GCC ARM Debug|Win32
		GCC ARM Release|Win32 = GCC ARM Release|Win32
		GCC MIPS Debug|Win32 = GCC MIPS Debug|Win32
		GCC MIPS Release|Win32 = GCC MIPS Release|Win32
		GCC X86 ANDROID Debug|Win32 = GCC X86 ANDROID Debug|Win32
		GCC X86 ANDROID Release|Win32 = GCC X86 ANDROID Release|Win32
		GCC X86 Tizen Debug|Win32 = GCC X86 Tizen Debug|Win32
		GCC X86 Tizen Release|Win32 = GCC X86 Tizen Release|Win32
		Release|Win32 = Release|Win32
		RVCT ARM Debug|Win32 = RVCT ARM Debug|Win32
		RVCT ARM Release|Win32 = RVCT ARM Release|Win32
		x86 Debug|Win32 = x86 Debug|Win32
		x86 Release|Win32 = x86 Release|Win32
	EndGlobalSection
	GlobalSection(ProjectConfigurationPlatforms) = postSolution
		{3FA400E2-D7D6-46E1-ACAC-2E9B7759DED3}.Debug|Win32.ActiveCfg = Debug|Win32
		{3FA400E2-D7D6-46E1-ACAC-2E9B7759DED3}.Debug|Win32.Build.0 = Debug|Win32
		{3FA400E2-D7D6-46E1-ACAC-2E9B7759DED3}.GCC ARM Debug|Win32.ActiveCfg = Debug|Win32
		{3FA400E2-D7D6-46E1-ACAC-2E9B7759DED3}.GCC ARM Debug|Win32.Build.0 = Debug|Win32
		{3FA400E2-D7D6-46E1-ACAC-2E9B7759DED3}.GCC ARM Release|Win32.ActiveCfg = Release|Win32
		{3FA400E2-D7D6-46E1-ACAC-2E9B7759DED3}.GCC ARM Release|Win32.Build.0 = Release|Win32
		{3FA400E2-D7D6-46E1-ACAC-2E9B7759DED3}.GCC MIPS Debug|Win32.ActiveCfg = Debug|Win32
		{3FA400E2-D7D6-46E1-ACAC-2E9B7759DED3}.GCC MIPS Debug|Win32.Build.0 = Debug|Win32
		{3FA400E2-D7D6-46E1-ACAC-2E9B7759DED3}.GCC MIPS Release|Win32.ActiveCfg = Release|Win32
		{3FA400E2-D7D6-46E1-ACAC-2E9B7759DED3}.GCC MIPS Release|Win32.Build.0 = Release|Win32
		{3FA400E2-D7D6-46E1-ACAC-2E9B7759DED3}.GCC X86 ANDROID Debug|Win32.ActiveCfg = Debug|Win32
		{3FA400E2-D7D6-46E1-ACAC-2E9B7759DED3}.GCC X86 ANDROID Debug|Win32.Build.0 = Debug|Win32
		{3FA400E2-D7D6-46E1-ACAC-2E9B7759DED3}.GCC X86 ANDROID Release|Win32.ActiveCfg = Release|Win32
		{3FA400E2-D7D6-46E1-ACAC-2E9B7759DED3}.GCC X86 ANDROID Release|Win32.Build.0 = Release|Win32
		{3FA400E2-D7D6-46E1-ACAC-2E9B7759DED3}.GCC X86 Tizen Debug|Win32.ActiveCfg = Debug|Win32
		{3FA400E2-D7D6-46E1-ACAC-2E9B7759DED3}.GCC X86 Tizen Debug|Win32.Build.0 = Debug|Win32
		{3FA400E2-D7D6-46E1-ACAC-2E9B7759DED3}.GCC X86 Tizen Release|Win32.ActiveCfg = Release|Win32
		{3FA400E2-D7D6-46E1-ACAC-2E9B7759DED3}.GCC X86 Tizen Release|Win32.Build.0 = Release|Win32
		{3FA400E2-D7D6-46E1-ACAC-2E9B7759DED3}.Release|Win32.ActiveCfg = Release|Win32
		{3FA400E2-D7D6-46E1-ACAC-2E9B7759DED3}.Release|Win32.Build.0 = Release|Win32
		{3FA400E2-D7D6-46E1-ACAC-2E9B7759DED3}.RVCT ARM Debug|Win32.ActiveCfg = Debug|Win32
		{3FA400E2-D7D6-46E1-ACAC-2E9B7759DED3}.RVCT ARM Debug|Win32.Build.0 = Debug|Win32
		{3FA400E2-D7D6-46E1-ACAC-2E9B7759DED3}.RVCT ARM Release|Win32.ActiveCfg = Release|Win32
		{3FA400E2-D7D6-46E1-ACAC-2E9B7759DED3}.RVCT ARM Release|Win32.Build.0 = Release|Win32
		{3FA400E2-D7D6-46E1-ACAC-2E9B7759DED3}.x86 Debug|Win32.ActiveCfg = Debug|Win32
		{3FA400E2-D7D6-46E1-ACAC-2E9B7759DED3}.x86 Debug|Win32.Build.0 = Debug|Win32
		{3FA400E2-D7D6-46E1-ACAC-2E9B7759DED3}.x86 Release|Win32.ActiveCfg = Release|Win32
		{3FA400E2-D7D6-46E1-ACAC-2E9B7759DED3}.x86 Release|Win32.Build.0 = Release|Win32
		{98102AAE-97BE-49A0-8DD2-87B16EB3181E}.Debug|Win32.ActiveCfg = Debug|Win32
		{98102AAE-97BE-49A0-8DD2-87B16EB3181E}.Debug|Win32.Build.0 = Debug|Win32
		{98102AAE-97BE-49A0-8DD2-87B16EB3181E}.GCC ARM Debug|Win32.ActiveCfg = Debug|Win32
		{98102AAE-97BE-49A0-8DD2-87B16EB3181E}.GCC ARM Debug|Win32.Build.0 = Debug|Win32
		{98102AAE-97BE-49A0-8DD2-87B16EB3181E}.GCC ARM Release|Win32.ActiveCfg = Release|Win32
		{98102AAE-97BE-49A0-8DD2-87B16EB3181E}.GCC ARM Release|Win32.Build.0 = Release|Win32
		{98102AAE-97BE-49A0-8DD2-87B16EB3181E}.GCC MIPS Debug|Win32.ActiveCfg = Debug|Win32
		{98102AAE-97BE-49A0-8DD2-87B16EB3181E}.GCC MIPS Debug|Win32.Build.0 = Debug|Win32
		{98102AAE-97BE-49A0-8DD2-87B16EB3181E}.GCC MIPS Release|Win32.ActiveCfg = Release|Win32
		{98102AAE-97BE-49A0-8DD2-87B16EB3181E}.GCC MIPS Release|Win32.Build.0 = Release|Win32
		{98102AAE-97BE-49A0-8DD2-87B16EB3181E}.GCC X86 ANDROID Debug|Win32.ActiveCfg = Debug|Win32
		{98102AAE-97BE-49A0-8DD2-87B16EB3181E}.GCC X86 ANDROID Debug|Win32.Build.0 = Debug|Win32
		{98102AAE-97BE-49A0-8DD2-87B16EB3181E}.GCC X86 ANDROID Release|Win32.ActiveCfg = Release|Win32
		{98102AAE-97BE-49A0-8DD2-87B16EB3181E}.GCC X86 ANDROID Release|Win32.Build.0 = Release|Win32
		{98102AAE-97BE-49A0-8DD2-87B16EB3181E}.GCC X86 Tizen Debug|Win32.ActiveCfg = Debug|Win32
		{98102AAE-97BE-49A0-8DD2-87B16EB3181E}.GCC X86 Tizen Debug|Win32.Build.0 = Debug|Win32
		{98102AAE-97BE-49A0-8DD2-87B16EB3181E}.GCC X86 Tizen Release|Win32.ActiveCfg = Release|Win32
		{98102AAE-97BE-49A0-8DD2-87B16EB3181E}.GCC X86 Tizen Release|Win32.Build.0 = Release|Win32
		{98102AAE-97BE-49A0-8DD2-87B16EB3181E}.Release|Win32.ActiveCfg = Release|Win32
		{98102AAE-97BE-49A0-8DD2-87B16EB3181E}.Release|Win32.Build.0 = Release|Win32
		{98102AAE-97BE-49A0-8DD2-87B16EB3181E}.RVCT ARM Debug|Win32.ActiveCfg = Debug|Win32
		{98102AAE-97BE-49A0-8DD2-87B16EB3181E}.RVCT ARM Debug|Win32.Build.0 = Debug|Win32
		{98102AAE-97BE-49A0-8DD2-87B16EB3181E}.RVCT ARM Release|Win32.ActiveCfg = Release|Win32
		{98102AAE-97BE-49A0-8DD2-87B16EB3181E}.RVCT ARM Release|Win32.Build.0 = Release|Win32
		{98102AAE-97BE-49A0-8DD2-87B16EB3181E}.x86 Debug|Win32.ActiveCfg = Debug|Win32
		{98102AAE-97BE-49A0-8DD2-87B16EB3181E}.x86 Debug|Win32.Build.0 = Debug|Win32
		{98102AAE-97BE-49A0-8DD2-87B16EB3181E}.x86 Release|Win32.ActiveCfg = Release|Win32
		{98102AAE-97BE-49A0-8DD2-87B16EB3181E}.x86 Release|Win32.Build.0 = Release|Win32
		{017C82F9-FA03-42F7-B20C-525599176D1E}.Debug|Win32.ActiveCfg = Debug|Win32
		{017C82F9-FA03-42F7-B20C-525599176D1E}.Debug|Win32.Build.0 = Debug|Win32
		{017C82F9-FA03-42F7-B20C-525599176D1E}.GCC ARM Debug|Win32.ActiveCfg = Debug|Win32
		{017C82F9-FA03-42F7-B20C-525599176D1E}.GCC ARM Debug|Win32.Build.0 = Debug|Win32
		{017C82F9-FA03-42F7-B20C-525599176D1E}.GCC ARM Release|Win32.ActiveCfg = Release|Win32
		{017C82F9-FA03-42F7-B20C-525599176D1E}.GCC ARM Release|Win32.Build.0 = Release|Win32
		{017C82F9-FA03-42F7-B20C-525599176D1E}.GCC MIPS Debug|Win32.ActiveCfg = Debug|Win32
		{017C82F9-FA03-42F7-B20C-525599176D1E}.GCC MIPS Debug|Win32.Build.0 = Debug|Win32
		{017C82F9-FA03-42F7-B20C-525599176D1E}.GCC MIPS Release|Win32.ActiveCfg = Release|Win32
		{017C82F9-FA03-42F7-B20C-525599176D1E}.GCC MIPS Release|Win32.Build.0 = Release|Win32
		{017C82F9-FA03-42F7-B20C-525599176D1E}.GCC X86 ANDROID Debug|Win32.ActiveCfg = Debug|Win32
		{017C82F9-FA03-42F7-B20C-525599176D1E}.GCC X86 ANDROID Debug|Win32.Build.0 = Debug|Win32
		{017C82F9-FA03-42F7-B20C-525599176D1E}.GCC X86 ANDROID Release|Win32.ActiveCfg = Release|Win32
		{017C82F9-FA03-42F7-B20C-525599176D1E}.GCC X86 ANDROID Release|Win32.Build.0 = Release|Win32
		{017C82F9-FA03-42F7-B20C-525599176D1E}.GCC X86 Tizen Debug|Win32.ActiveCfg = Debug|Win32
		{017C82F9-FA03-42F7-B20C-525599176D1E}.GCC X86 Tizen Debug|Win32.Build.0 = Debug|Win32
		{017C82F9-FA03-42F7-B20C-525599176D1E}.GCC X86 Tizen Release|Win32.ActiveCfg = Release|Win32
		{017C82F9-FA03-42F7-B20C-525599176D1E}.GCC X86 Tizen Release|Win32.Build.0 = Release|Win32
		{017C82F9-FA03-42F7-B20C-525599176D1E}.Release|Win32.ActiveCfg = Debug|Win32
		{017C82F9-FA03-42F7-B20C-525599176D1E}.Release|Win32.Build.0 = Debug|Win32
		{017C82F9-FA03-42F7-B20C-525599176D1E}.RVCT ARM Debug|Win32.ActiveCfg = Debug|Win32
		{017C82F9-FA03-42F7-B20C-525599176D1E}.RVCT ARM Debug|Win32.Build.0 = Debug|Win32
		{017C82F9-FA03-42F7-B20C-525599176D1E}.RVCT ARM Release|Win32.ActiveCfg = Release|Win32
		{017C82F9-FA03-42F7-B20C-525599176D1E}.RVCT ARM Release|Win32.Build.0 = Release|Win32
		{017C82F9-FA03-42F7-B20C-525599176D1E}.x86 Debug|Win32.ActiveCfg = Debug|Win32
		{017C82F9-FA03-42F7-B20C-525599176D1E}.x86 Debug|Win32.Build.0 = Debug|Win32
		{017C82F9-FA03-42F7-B20C-525599176D1E}.x86 Release|Win32.ActiveCfg = Release|Win32
		{017C82F9-FA03-42F7-B20C-525599176D1E}.x86 Release|Win32.Build.0 = Release|Win32
		{95EB6373-CFAA-4CA8-93E0-6C1BAD848F95}.Debug|Win32.ActiveCfg = Debug|Win32
		{95EB6373-CFAA-4CA8-93E0-6C1BAD848F95}.Debug|Win32.Build.0 = Debug|Win32
		{95EB6373-CFAA-4CA8-93E0-6C1BAD848F95}.GCC ARM Debug|Win32.ActiveCfg = Debug|Win32
		{95EB6373-CFAA-4CA8-93E0-6C1BAD848F95}.GCC ARM Debug|Win32.Build.0 = Debug|Win32
		{95EB6373-CFAA-4CA8-93E0-6C1BAD848F95}.GCC ARM Release|Win32.ActiveCfg = Release|Win32
		{95EB6373-CFAA-4CA8-93E0-6C1BAD848F95}.GCC ARM Release|Win32.Build.0 = Release|Win32
		{95EB6373-CFAA-4CA8-93E0-6C1BAD848F95}.GCC MIPS Debug|Win32.ActiveCfg = Debug|Win32
		{95EB6373-CFAA-4CA8-93E0-6C1BAD848F95}.GCC MIPS Debug|Win32.Build.0 = Debug|Win32
		{95EB6373-CFAA-4CA8-93E0-6C1BAD848F95}.GCC MIPS Release|Win32.ActiveCfg = Release|Win32
		{95EB6373-CFAA-4CA8-93E0-6C1BAD848F95}.GCC MIPS Release|Win32.Build.0 = Release|Win32
		{95EB6373-CFAA-4CA8-93E0-6C1BAD848F95}.GCC X86 ANDROID Debug|Win32.ActiveCfg = Debug|Win32
		{95EB6373-CFAA-4CA8-93E0-6C1BAD848F95}.GCC X86 ANDROID Debug|Win32.Build.0 = Debug|Win32
		{95EB6373-CFAA-4CA8-93E0-6C1BAD848F95}.GCC X86 ANDROID Release|Win32.ActiveCfg = Release|Win32
		{95EB6373-CFAA-4CA8-93E0-6C1BAD848F95}.GCC X86 ANDROID Release|Win32.Build.0 = Release|Win32
		{95EB6373-CFAA-4CA8-93E0-6C1BAD848F95}.GCC X86 Tizen Debug|Win32.ActiveCfg = Debug|Win32
		{95EB6373-CFAA-4CA8-93E0-6C1BAD848F95}.GCC X86 Tizen Debug|Win32.Build.0 = Debug|Win32
		{95EB6373-CFAA-4CA8-93E0-6C1BAD848F95}.GCC X86 Tizen Release|Win32.ActiveCfg = Release|Win32
		{95EB6373-CFAA-4CA8-93E0-6C1BAD848F95}.GCC X86 Tizen Release|Win32.Build.0 = Release|Win32
		{95EB6373-CFAA-4CA8-93E0-6C1BAD848F95}.Release|Win32.ActiveCfg = Release|Win32
		{95EB6373-CFAA-4CA8-93E0-6C1BAD848F95}.Release|Win32.Build.0 = Release|Win32
		{95EB6373-CFAA-4CA8-93E0-6C1BAD848F95}.RVCT ARM Debug|Win32.ActiveCfg = Debug|Win32
		{95EB6373-CFAA-4CA8-93E0-6C1BAD848F95}.RVCT ARM Debug|Win32.Build.0 = Debug|Win32
		{95EB6373-CFAA-4CA8-93E0-6C1BAD848F95}.RVCT ARM Release|Win32.ActiveCfg = Release|Win32
		{95EB6373-CFAA-4CA8-93E0-6C1BAD848F95}.RVCT ARM Release|Win32.Build.0 = Release|Win32
		{95EB6373-CFAA-4CA8-93E0-6C1BAD848F95}.x86 Debug|Win32.ActiveCfg = Debug|Win32
		{95EB6373-CFAA-4CA8-93E0-6C1BAD848F95}.x86 Debug|Win32.Build.0 = Debug|Win32
		{95EB6373-CFAA-4CA8-93E0-6C1BAD848F95}.x86 Release|Win32.ActiveCfg = Release|Win32
		{95EB6373-CFAA-4CA8-93E0-6C1BAD848F95}.x86 Release|Win32.Build.0 = Release|Win32
	EndGlobalSection
	GlobalSection(SolutionProperties) = preSolution
		HideSolutionNode = FALSE
	EndGlobalSection
EndGlobal
