<?xml version="1.0" encoding="utf-8"?>
<Project ToolsVersion="4.0" xmlns="http://schemas.microsoft.com/developer/msbuild/2003">
  <ItemGroup>
    <Filter Include="Source Files">
      <UniqueIdentifier>{4FC737F1-C7A5-4376-A066-2A32D752A2FF}</UniqueIdentifier>
      <Extensions>cpp;c;cc;cxx;def;odl;idl;hpj;bat;asm;asmx</Extensions>
    </Filter>
    <Filter Include="Header Files">
      <UniqueIdentifier>{93995380-89BD-4b04-88EB-625FBE52EBFB}</UniqueIdentifier>
      <Extensions>h;hpp;hxx;hm;inl;inc;xsd</Extensions>
    </Filter>
    <Filter Include="Resource Files">
      <UniqueIdentifier>{67DA6AB6-F800-4c08-8B7A-83BB121AAD01}</UniqueIdentifier>
      <Extensions>rc;ico;cur;bmp;dlg;rc2;rct;bin;rgs;gif;jpg;jpeg;jpe;resx;tiff;tif;png;wav;mfcribbon-ms</Extensions>
    </Filter>
  </ItemGroup>
  <ItemGroup>
    <ClInclude Include="Editor_PCH.h">
      <Filter>Header Files</Filter>
    </ClInclude>
    <ClInclude Include="resource.h">
      <Filter>Header Files</Filter>
    </ClInclude>
    <ClInclude Include="Main\MainFrame.h">
      <Filter>Header Files</Filter>
    </ClInclude>
    <ClInclude Include="DB\DB.h">
      <Filter>Header Files</Filter>
    </ClInclude>
    <ClInclude Include="Scene\Scene.h">
      <Filter>Header Files</Filter>
    </ClInclude>
    <ClInclude Include="Main\LibraryFrame.h">
      <Filter>Header Files</Filter>
    </ClInclude>
    <ClInclude Include="DB\DBObjectPropertyGrid.h">
      <Filter>Header Files</Filter>
    </ClInclude>
    <ClInclude Include="libs\pugixml\foreach.hpp">
      <Filter>Header Files</Filter>
    </ClInclude>
    <ClInclude Include="libs\pugixml\pugiconfig.hpp">
      <Filter>Header Files</Filter>
    </ClInclude>
    <ClInclude Include="libs\pugixml\pugixml.hpp">
      <Filter>Header Files</Filter>
    </ClInclude>
    <ClInclude Include="Main\FrameEntityTypePicker.h">
      <Filter>Header Files</Filter>
    </ClInclude>
    <ClInclude Include="Main\GUITypes.h">
      <Filter>Header Files</Filter>
    </ClInclude>
    <ClInclude Include="DB\TabSingleObjects.h">
      <Filter>Header Files</Filter>
    </ClInclude>
    <ClInclude Include="DB\TabObjectLibraries.h">
      <Filter>Header Files</Filter>
    </ClInclude>
    <ClInclude Include="Main\ToolBar.h">
      <Filter>Header Files</Filter>
    </ClInclude>
    <ClInclude Include="Canvas\MainGLCanvas.h">
      <Filter>Header Files</Filter>
    </ClInclude>
    <ClInclude Include="Canvas\Image.h">
      <Filter>Header Files</Filter>
    </ClInclude>
    <ClInclude Include="Canvas\ImageLoader.h">
      <Filter>Header Files</Filter>
    </ClInclude>
    <ClInclude Include="Canvas\Drawable.h">
      <Filter>Header Files</Filter>
    </ClInclude>
    <ClInclude Include="DB\TabEntityProperties.h">
      <Filter>Header Files</Filter>
    </ClInclude>
    <ClInclude Include="DB\TabEntityPrototypes.h">
      <Filter>Header Files</Filter>
    </ClInclude>
    <ClInclude Include="DB\TabEntityArchetypes.h">
      <Filter>Header Files</Filter>
    </ClInclude>
    <ClInclude Include="DB\PropertyModifierBool.h">
      <Filter>Header Files</Filter>
    </ClInclude>
    <ClInclude Include="DB\PropertyModifierComponent.h">
      <Filter>Header Files</Filter>
    </ClInclude>
    <ClInclude Include="DB\PropertyModifierDBObject.h">
      <Filter>Header Files</Filter>
    </ClInclude>
    <ClInclude Include="DB\PropertyModifierDBPointer.h">
      <Filter>Header Files</Filter>
    </ClInclude>
    <ClInclude Include="DB\PropertyModifierEnum.h">
      <Filter>Header Files</Filter>
    </ClInclude>
    <ClInclude Include="DB\PropertyModifierFile.h">
      <Filter>Header Files</Filter>
    </ClInclude>
    <ClInclude Include="DB\PropertyModifierFloatGeneric.h">
      <Filter>Header Files</Filter>
    </ClInclude>
    <ClInclude Include="DB\PropertyModifierGroup.h">
      <Filter>Header Files</Filter>
    </ClInclude>
    <ClInclude Include="DB\PropertyModifierHelpers.h">
      <Filter>Header Files</Filter>
    </ClInclude>
    <ClInclude Include="DB\PropertyModifierIntGeneric.h">
      <Filter>Header Files</Filter>
    </ClInclude>
    <ClInclude Include="DB\PropertyModifierString.h">
      <Filter>Header Files</Filter>
    </ClInclude>
    <ClInclude Include="DB\PropertyModifierVector.h">
      <Filter>Header Files</Filter>
    </ClInclude>
    <ClInclude Include="DB\PropertyModifierVector2.h">
      <Filter>Header Files</Filter>
    </ClInclude>
    <ClInclude Include="DB\PropertyModifierVector3.h">
      <Filter>Header Files</Filter>
    </ClInclude>
    <ClInclude Include="DB\PropertyModifierVectorElement.h">
      <Filter>Header Files</Filter>
    </ClInclude>
  </ItemGroup>
  <ItemGroup>
    <ClCompile Include="Editor.cpp">
      <Filter>Source Files</Filter>
    </ClCompile>
    <ClCompile Include="Editor_PCH.cpp">
      <Filter>Source Files</Filter>
    </ClCompile>
    <ClCompile Include="Main\MainFrame.cpp">
      <Filter>Source Files</Filter>
    </ClCompile>
    <ClCompile Include="DB\DB.cpp">
      <Filter>Source Files</Filter>
    </ClCompile>
    <ClCompile Include="Scene\Scene.cpp">
      <Filter>Source Files</Filter>
    </ClCompile>
    <ClCompile Include="Main\LibraryFrame.cpp">
      <Filter>Source Files</Filter>
    </ClCompile>
    <ClCompile Include="DB\DBObjectPropertyGrid.cpp">
      <Filter>Source Files</Filter>
    </ClCompile>
    <ClCompile Include="libs\pugixml\pugixml.cpp">
      <Filter>Source Files</Filter>
    </ClCompile>
    <ClCompile Include="Main\FrameEntityTypePicker.cpp">
      <Filter>Source Files</Filter>
    </ClCompile>
    <ClCompile Include="DB\TabSingleObjects.cpp">
      <Filter>Source Files</Filter>
    </ClCompile>
    <ClCompile Include="DB\TabObjectLibraries.cpp">
      <Filter>Source Files</Filter>
    </ClCompile>
    <ClCompile Include="Main\ToolBar.cpp">
      <Filter>Source Files</Filter>
    </ClCompile>
    <ClCompile Include="Canvas\MainGLCanvas.cpp">
      <Filter>Source Files</Filter>
    </ClCompile>
    <ClCompile Include="Canvas\Image.cpp">
      <Filter>Source Files</Filter>
    </ClCompile>
    <ClCompile Include="Canvas\ImageLoader.cpp">
      <Filter>Source Files</Filter>
    </ClCompile>
    <ClCompile Include="Canvas\Drawable.cpp">
      <Filter>Source Files</Filter>
    </ClCompile>
    <ClCompile Include="DB\TabEntityProperties.cpp">
      <Filter>Source Files</Filter>
    </ClCompile>
    <ClCompile Include="DB\TabEntityPrototypes.cpp">
      <Filter>Source Files</Filter>
    </ClCompile>
    <ClCompile Include="DB\TabEntityArchetypes.cpp">
      <Filter>Source Files</Filter>
    </ClCompile>
    <ClCompile Include="DB\PropertyModifierHelpers.cpp">
      <Filter>Source Files</Filter>
    </ClCompile>
    <ClCompile Include="DB\PropertyModifierBool.cpp">
      <Filter>Source Files</Filter>
    </ClCompile>
    <ClCompile Include="DB\PropertyModifierComponent.cpp">
      <Filter>Source Files</Filter>
    </ClCompile>
    <ClCompile Include="DB\PropertyModifierDBObject.cpp">
      <Filter>Source Files</Filter>
    </ClCompile>
    <ClCompile Include="DB\PropertyModifierDBPointer.cpp">
      <Filter>Source Files</Filter>
    </ClCompile>
    <ClCompile Include="DB\PropertyModifierEnum.cpp">
      <Filter>Source Files</Filter>
    </ClCompile>
    <ClCompile Include="DB\PropertyModifierFile .cpp">
      <Filter>Source Files</Filter>
    </ClCompile>
    <ClCompile Include="DB\PropertyModifierFloatGeneric.cpp">
      <Filter>Source Files</Filter>
    </ClCompile>
    <ClCompile Include="DB\PropertyModifierGroup.cpp">
      <Filter>Source Files</Filter>
    </ClCompile>
    <ClCompile Include="DB\PropertyModifierIntGeneric.cpp">
      <Filter>Source Files</Filter>
    </ClCompile>
    <ClCompile Include="DB\PropertyModifierString.cpp">
      <Filter>Source Files</Filter>
    </ClCompile>
    <ClCompile Include="DB\PropertyModifierVector.cpp">
      <Filter>Source Files</Filter>
    </ClCompile>
    <ClCompile Include="DB\PropertyModifierVector2.cpp">
      <Filter>Source Files</Filter>
    </ClCompile>
    <ClCompile Include="DB\PropertyModifierVector3.cpp">
      <Filter>Source Files</Filter>
    </ClCompile>
    <ClCompile Include="DB\PropertyModifierVectorElement .cpp">
      <Filter>Source Files</Filter>
    </ClCompile>
  </ItemGroup>
  <ItemGroup>
    <ResourceCompile Include="Editor.rc">
      <Filter>Resource Files</Filter>
    </ResourceCompile>
  </ItemGroup>
</Project>